
Microsoft Visual Studio Solution File, Format Version 12.00
# Visual Studio Version 17
VisualStudioVersion = 17.5.002.0
MinimumVisualStudioVersion = 10.0.40219.1
Project("{9A19103F-16F7-4668-BE54-9A1E7A4F7556}") = "SCOREgrp05", "SCOREgrp05.csproj", "{87DBB828-B5A8-4DF8-8F05-D61969348138}"
EndProject
Global
	GlobalSection(SolutionConfigurationPlatforms) = preSolution
		Debug|Any CPU = Debug|Any CPU
		Release|Any CPU = Release|Any CPU
	EndGlobalSection
	GlobalSection(ProjectConfigurationPlatforms) = postSolution
		{87DBB828-B5A8-4DF8-8F05-D61969348138}.Debug|Any CPU.ActiveCfg = Debug|Any CPU
		{87DBB828-B5A8-4DF8-8F05-D61969348138}.Debug|Any CPU.Build.0 = Debug|Any CPU
		{87DBB828-B5A8-4DF8-8F05-D61969348138}.Release|Any CPU.ActiveCfg = Release|Any CPU
		{87DBB828-B5A8-4DF8-8F05-D61969348138}.Release|Any CPU.Build.0 = Release|Any CPU
	EndGlobalSection
	GlobalSection(SolutionProperties) = preSolution
		HideSolutionNode = FALSE
	EndGlobalSection
	GlobalSection(ExtensibilityGlobals) = postSolution
		SolutionGuid = {610E4472-B938-45C4-A9BD-54EE4B1706DD}
	EndGlobalSection
EndGlobal
